
Microsoft Visual Studio Solution File, Format Version 12.00
# Visual Studio Version 16
VisualStudioVersion = 16.0.31424.327
MinimumVisualStudioVersion = 10.0.40219.1
Project("{9A19103F-16F7-4668-BE54-9A1E7A4F7556}") = "BasicSyntax", "BasicSyntax\BasicSyntax.csproj", "{7987855E-C7D4-4A0B-99C6-9191C6551948}"
EndProject
Project("{9A19103F-16F7-4668-BE54-9A1E7A4F7556}") = "DataTypes", "DataTypes\DataTypes.csproj", "{0143E228-DE0F-4B97-99D7-2A4BAA850028}"
EndProject
Project("{9A19103F-16F7-4668-BE54-9A1E7A4F7556}") = "ExtraPractise", "ExtraPractise\ExtraPractise.csproj", "{7E089ECE-A404-4307-A107-1B1BB54B283D}"
EndProject
Project("{9A19103F-16F7-4668-BE54-9A1E7A4F7556}") = "ControlFlow", "ControlFlow\ControlFlow.csproj", "{86BB6E76-795C-479E-9B58-666388B56FEC}"
EndProject
Project("{9A19103F-16F7-4668-BE54-9A1E7A4F7556}") = "List", "List\List.csproj", "{F324034C-D996-409A-AB22-43B2B66A4342}"
EndProject
Project("{9A19103F-16F7-4668-BE54-9A1E7A4F7556}") = "StringAndCharacters", "StringAndCharacters\StringAndCharacters.csproj", "{0F507337-EA50-49DA-B2BE-3A34D76E8F8B}"
EndProject
Project("{9A19103F-16F7-4668-BE54-9A1E7A4F7556}") = "Methods", "Methods\Methods.csproj", "{F1A9C842-BF96-474B-8757-010A4A05F6EB}"
EndProject
Project("{9A19103F-16F7-4668-BE54-9A1E7A4F7556}") = "Classes", "Classes\Classes.csproj", "{39645D17-D4EE-432F-B5A4-C99C6C3C2DB6}"
EndProject
Project("{9A19103F-16F7-4668-BE54-9A1E7A4F7556}") = "Classes 2", "Classes 2\Classes 2.csproj", "{1E9741EE-1293-4542-9B1E-0ADC4057013D}"
EndProject
Project("{9A19103F-16F7-4668-BE54-9A1E7A4F7556}") = "Class9-Inheritance", "Class9-Inheritance\Class9-Inheritance.csproj", "{B3DDBAEE-6CAA-4212-9661-6E93DC4848BC}"
EndProject
Project("{9A19103F-16F7-4668-BE54-9A1E7A4F7556}") = "CommonCode", "CommonCode\CommonCode.csproj", "{D8073437-E040-4725-915A-33A8ECCFA25B}"
EndProject
Project("{9A19103F-16F7-4668-BE54-9A1E7A4F7556}") = "AbstractClasses", "AbstractClasses\AbstractClasses.csproj", "{5B300295-26F2-44F4-8483-AC483A36B8C4}"
EndProject
Project("{9A19103F-16F7-4668-BE54-9A1E7A4F7556}") = "AbstractClass2", "AbstractClass2\AbstractClass2.csproj", "{7B8E462C-00D1-4549-8347-D9CFBE905DA1}"
EndProject
Project("{9A19103F-16F7-4668-BE54-9A1E7A4F7556}") = "Class-11", "Class-11\Class-11.csproj", "{CE88E70C-A289-49CF-BB7E-36D4E5776082}"
EndProject
Project("{9A19103F-16F7-4668-BE54-9A1E7A4F7556}") = "Class-11-Topic-2", "Class-11-Topic-2\Class-11-Topic-2.csproj", "{E5B38BAA-BAF6-46DF-82A1-D9FAD3733DE2}"
EndProject
Project("{9A19103F-16F7-4668-BE54-9A1E7A4F7556}") = "Class-11-Structure", "Class-11-Structure\Class-11-Structure.csproj", "{367CAC8B-EF09-4E3B-8213-5E97E8F0DAA8}"
EndProject
Project("{9A19103F-16F7-4668-BE54-9A1E7A4F7556}") = "Enum", "Enum\Enum.csproj", "{A53AC792-6829-433A-9E6C-9C693F3F5AD9}"
EndProject
Project("{9A19103F-16F7-4668-BE54-9A1E7A4F7556}") = "Class-12-DateTime", "Class-12-DateTime\Class-12-DateTime.csproj", "{0CBA2AE5-C22C-46D9-B41F-FD7B7964952E}"
EndProject
Project("{9A19103F-16F7-4668-BE54-9A1E7A4F7556}") = "Class-12-StringBuilders", "Class-12-StringBuilders\Class-12-StringBuilders.csproj", "{4CBA52FA-D4F3-409D-A22D-D51B24B3606B}"
EndProject
Project("{9A19103F-16F7-4668-BE54-9A1E7A4F7556}") = "Class-12-ParamiterModifier", "Class-12-ParamiterModifier\Class-12-ParamiterModifier.csproj", "{0C2BA30A-3B8D-4181-B983-4EF342150C11}"
EndProject
Project("{9A19103F-16F7-4668-BE54-9A1E7A4F7556}") = "Class-12-ParamiterModifierRefInOut", "Class-12-ParamiterModifierRefInOut\Class-12-ParamiterModifierRefInOut.csproj", "{A880F57A-8E62-4B32-BAAE-D0562B4F9350}"
EndProject
Project("{9A19103F-16F7-4668-BE54-9A1E7A4F7556}") = "Extra", "Extra\Extra.csproj", "{E3673EF8-BE82-484D-B7F9-7002A99DD8F0}"
EndProject
Project("{9A19103F-16F7-4668-BE54-9A1E7A4F7556}") = "OneToManyAssoReltionship", "OneToManyAssoReltionship\OneToManyAssoReltionship.csproj", "{CEC190BF-66DF-4BF7-8C71-4478B6A12D55}"
EndProject
Project("{9A19103F-16F7-4668-BE54-9A1E7A4F7556}") = "OneToManyExample2", "OneToManyExample2\OneToManyExample2.csproj", "{971F8ED4-CE2B-48BD-A348-D2438799B7A6}"
EndProject
Project("{9A19103F-16F7-4668-BE54-9A1E7A4F7556}") = "ForLoop", "ForLoop\ForLoop.csproj", "{226539AC-ACB3-47B6-8509-A3DEA2B4082C}"
EndProject
Project("{9A19103F-16F7-4668-BE54-9A1E7A4F7556}") = "ObjectAndCollectionInitializer", "ObjectAndCollectionInitializer\ObjectAndCollectionInitializer.csproj", "{FD0E6049-D3B4-4184-97B5-75C98BB32273}"
EndProject
Project("{FAE04EC0-301F-11D3-BF4B-00C04F79EFBC}") = "Class-12-OutInRef", "Class-12-OutInRef\Class-12-OutInRef.csproj", "{FE9E1408-EE7D-4DE1-AB42-65A1608F8254}"
EndProject
Project("{FAE04EC0-301F-11D3-BF4B-00C04F79EFBC}") = "Class-12-Tuple", "Class-12-Tuple\Class-12-Tuple.csproj", "{4AE1B8B4-29A2-4280-A0DE-72A73A7F85DB}"
EndProject
Global
	GlobalSection(SolutionConfigurationPlatforms) = preSolution
		Debug|Any CPU = Debug|Any CPU
		Release|Any CPU = Release|Any CPU
	EndGlobalSection
	GlobalSection(ProjectConfigurationPlatforms) = postSolution
		{7987855E-C7D4-4A0B-99C6-9191C6551948}.Debug|Any CPU.ActiveCfg = Debug|Any CPU
		{7987855E-C7D4-4A0B-99C6-9191C6551948}.Debug|Any CPU.Build.0 = Debug|Any CPU
		{7987855E-C7D4-4A0B-99C6-9191C6551948}.Release|Any CPU.ActiveCfg = Release|Any CPU
		{7987855E-C7D4-4A0B-99C6-9191C6551948}.Release|Any CPU.Build.0 = Release|Any CPU
		{0143E228-DE0F-4B97-99D7-2A4BAA850028}.Debug|Any CPU.ActiveCfg = Debug|Any CPU
		{0143E228-DE0F-4B97-99D7-2A4BAA850028}.Debug|Any CPU.Build.0 = Debug|Any CPU
		{0143E228-DE0F-4B97-99D7-2A4BAA850028}.Release|Any CPU.ActiveCfg = Release|Any CPU
		{0143E228-DE0F-4B97-99D7-2A4BAA850028}.Release|Any CPU.Build.0 = Release|Any CPU
		{7E089ECE-A404-4307-A107-1B1BB54B283D}.Debug|Any CPU.ActiveCfg = Debug|Any CPU
		{7E089ECE-A404-4307-A107-1B1BB54B283D}.Debug|Any CPU.Build.0 = Debug|Any CPU
		{7E089ECE-A404-4307-A107-1B1BB54B283D}.Release|Any CPU.ActiveCfg = Release|Any CPU
		{7E089ECE-A404-4307-A107-1B1BB54B283D}.Release|Any CPU.Build.0 = Release|Any CPU
		{86BB6E76-795C-479E-9B58-666388B56FEC}.Debug|Any CPU.ActiveCfg = Debug|Any CPU
		{86BB6E76-795C-479E-9B58-666388B56FEC}.Debug|Any CPU.Build.0 = Debug|Any CPU
		{86BB6E76-795C-479E-9B58-666388B56FEC}.Release|Any CPU.ActiveCfg = Release|Any CPU
		{86BB6E76-795C-479E-9B58-666388B56FEC}.Release|Any CPU.Build.0 = Release|Any CPU
		{F324034C-D996-409A-AB22-43B2B66A4342}.Debug|Any CPU.ActiveCfg = Debug|Any CPU
		{F324034C-D996-409A-AB22-43B2B66A4342}.Debug|Any CPU.Build.0 = Debug|Any CPU
		{F324034C-D996-409A-AB22-43B2B66A4342}.Release|Any CPU.ActiveCfg = Release|Any CPU
		{F324034C-D996-409A-AB22-43B2B66A4342}.Release|Any CPU.Build.0 = Release|Any CPU
		{0F507337-EA50-49DA-B2BE-3A34D76E8F8B}.Debug|Any CPU.ActiveCfg = Debug|Any CPU
		{0F507337-EA50-49DA-B2BE-3A34D76E8F8B}.Debug|Any CPU.Build.0 = Debug|Any CPU
		{0F507337-EA50-49DA-B2BE-3A34D76E8F8B}.Release|Any CPU.ActiveCfg = Release|Any CPU
		{0F507337-EA50-49DA-B2BE-3A34D76E8F8B}.Release|Any CPU.Build.0 = Release|Any CPU
		{F1A9C842-BF96-474B-8757-010A4A05F6EB}.Debug|Any CPU.ActiveCfg = Debug|Any CPU
		{F1A9C842-BF96-474B-8757-010A4A05F6EB}.Debug|Any CPU.Build.0 = Debug|Any CPU
		{F1A9C842-BF96-474B-8757-010A4A05F6EB}.Release|Any CPU.ActiveCfg = Release|Any CPU
		{F1A9C842-BF96-474B-8757-010A4A05F6EB}.Release|Any CPU.Build.0 = Release|Any CPU
		{39645D17-D4EE-432F-B5A4-C99C6C3C2DB6}.Debug|Any CPU.ActiveCfg = Debug|Any CPU
		{39645D17-D4EE-432F-B5A4-C99C6C3C2DB6}.Debug|Any CPU.Build.0 = Debug|Any CPU
		{39645D17-D4EE-432F-B5A4-C99C6C3C2DB6}.Release|Any CPU.ActiveCfg = Release|Any CPU
		{39645D17-D4EE-432F-B5A4-C99C6C3C2DB6}.Release|Any CPU.Build.0 = Release|Any CPU
		{1E9741EE-1293-4542-9B1E-0ADC4057013D}.Debug|Any CPU.ActiveCfg = Debug|Any CPU
		{1E9741EE-1293-4542-9B1E-0ADC4057013D}.Debug|Any CPU.Build.0 = Debug|Any CPU
		{1E9741EE-1293-4542-9B1E-0ADC4057013D}.Release|Any CPU.ActiveCfg = Release|Any CPU
		{1E9741EE-1293-4542-9B1E-0ADC4057013D}.Release|Any CPU.Build.0 = Release|Any CPU
		{B3DDBAEE-6CAA-4212-9661-6E93DC4848BC}.Debug|Any CPU.ActiveCfg = Debug|Any CPU
		{B3DDBAEE-6CAA-4212-9661-6E93DC4848BC}.Debug|Any CPU.Build.0 = Debug|Any CPU
		{B3DDBAEE-6CAA-4212-9661-6E93DC4848BC}.Release|Any CPU.ActiveCfg = Release|Any CPU
		{B3DDBAEE-6CAA-4212-9661-6E93DC4848BC}.Release|Any CPU.Build.0 = Release|Any CPU
		{D8073437-E040-4725-915A-33A8ECCFA25B}.Debug|Any CPU.ActiveCfg = Debug|Any CPU
		{D8073437-E040-4725-915A-33A8ECCFA25B}.Debug|Any CPU.Build.0 = Debug|Any CPU
		{D8073437-E040-4725-915A-33A8ECCFA25B}.Release|Any CPU.ActiveCfg = Release|Any CPU
		{D8073437-E040-4725-915A-33A8ECCFA25B}.Release|Any CPU.Build.0 = Release|Any CPU
		{5B300295-26F2-44F4-8483-AC483A36B8C4}.Debug|Any CPU.ActiveCfg = Debug|Any CPU
		{5B300295-26F2-44F4-8483-AC483A36B8C4}.Debug|Any CPU.Build.0 = Debug|Any CPU
		{5B300295-26F2-44F4-8483-AC483A36B8C4}.Release|Any CPU.ActiveCfg = Release|Any CPU
		{5B300295-26F2-44F4-8483-AC483A36B8C4}.Release|Any CPU.Build.0 = Release|Any CPU
		{7B8E462C-00D1-4549-8347-D9CFBE905DA1}.Debug|Any CPU.ActiveCfg = Debug|Any CPU
		{7B8E462C-00D1-4549-8347-D9CFBE905DA1}.Debug|Any CPU.Build.0 = Debug|Any CPU
		{7B8E462C-00D1-4549-8347-D9CFBE905DA1}.Release|Any CPU.ActiveCfg = Release|Any CPU
		{7B8E462C-00D1-4549-8347-D9CFBE905DA1}.Release|Any CPU.Build.0 = Release|Any CPU
		{CE88E70C-A289-49CF-BB7E-36D4E5776082}.Debug|Any CPU.ActiveCfg = Debug|Any CPU
		{CE88E70C-A289-49CF-BB7E-36D4E5776082}.Debug|Any CPU.Build.0 = Debug|Any CPU
		{CE88E70C-A289-49CF-BB7E-36D4E5776082}.Release|Any CPU.ActiveCfg = Release|Any CPU
		{CE88E70C-A289-49CF-BB7E-36D4E5776082}.Release|Any CPU.Build.0 = Release|Any CPU
		{E5B38BAA-BAF6-46DF-82A1-D9FAD3733DE2}.Debug|Any CPU.ActiveCfg = Debug|Any CPU
		{E5B38BAA-BAF6-46DF-82A1-D9FAD3733DE2}.Debug|Any CPU.Build.0 = Debug|Any CPU
		{E5B38BAA-BAF6-46DF-82A1-D9FAD3733DE2}.Release|Any CPU.ActiveCfg = Release|Any CPU
		{E5B38BAA-BAF6-46DF-82A1-D9FAD3733DE2}.Release|Any CPU.Build.0 = Release|Any CPU
		{367CAC8B-EF09-4E3B-8213-5E97E8F0DAA8}.Debug|Any CPU.ActiveCfg = Debug|Any CPU
		{367CAC8B-EF09-4E3B-8213-5E97E8F0DAA8}.Debug|Any CPU.Build.0 = Debug|Any CPU
		{367CAC8B-EF09-4E3B-8213-5E97E8F0DAA8}.Release|Any CPU.ActiveCfg = Release|Any CPU
		{367CAC8B-EF09-4E3B-8213-5E97E8F0DAA8}.Release|Any CPU.Build.0 = Release|Any CPU
		{A53AC792-6829-433A-9E6C-9C693F3F5AD9}.Debug|Any CPU.ActiveCfg = Debug|Any CPU
		{A53AC792-6829-433A-9E6C-9C693F3F5AD9}.Debug|Any CPU.Build.0 = Debug|Any CPU
		{A53AC792-6829-433A-9E6C-9C693F3F5AD9}.Release|Any CPU.ActiveCfg = Release|Any CPU
		{A53AC792-6829-433A-9E6C-9C693F3F5AD9}.Release|Any CPU.Build.0 = Release|Any CPU
		{0CBA2AE5-C22C-46D9-B41F-FD7B7964952E}.Debug|Any CPU.ActiveCfg = Debug|Any CPU
		{0CBA2AE5-C22C-46D9-B41F-FD7B7964952E}.Debug|Any CPU.Build.0 = Debug|Any CPU
		{0CBA2AE5-C22C-46D9-B41F-FD7B7964952E}.Release|Any CPU.ActiveCfg = Release|Any CPU
		{0CBA2AE5-C22C-46D9-B41F-FD7B7964952E}.Release|Any CPU.Build.0 = Release|Any CPU
		{4CBA52FA-D4F3-409D-A22D-D51B24B3606B}.Debug|Any CPU.ActiveCfg = Debug|Any CPU
		{4CBA52FA-D4F3-409D-A22D-D51B24B3606B}.Debug|Any CPU.Build.0 = Debug|Any CPU
		{4CBA52FA-D4F3-409D-A22D-D51B24B3606B}.Release|Any CPU.ActiveCfg = Release|Any CPU
		{4CBA52FA-D4F3-409D-A22D-D51B24B3606B}.Release|Any CPU.Build.0 = Release|Any CPU
		{0C2BA30A-3B8D-4181-B983-4EF342150C11}.Debug|Any CPU.ActiveCfg = Debug|Any CPU
		{0C2BA30A-3B8D-4181-B983-4EF342150C11}.Debug|Any CPU.Build.0 = Debug|Any CPU
		{0C2BA30A-3B8D-4181-B983-4EF342150C11}.Release|Any CPU.ActiveCfg = Release|Any CPU
		{0C2BA30A-3B8D-4181-B983-4EF342150C11}.Release|Any CPU.Build.0 = Release|Any CPU
		{A880F57A-8E62-4B32-BAAE-D0562B4F9350}.Debug|Any CPU.ActiveCfg = Debug|Any CPU
		{A880F57A-8E62-4B32-BAAE-D0562B4F9350}.Debug|Any CPU.Build.0 = Debug|Any CPU
		{A880F57A-8E62-4B32-BAAE-D0562B4F9350}.Release|Any CPU.ActiveCfg = Release|Any CPU
		{A880F57A-8E62-4B32-BAAE-D0562B4F9350}.Release|Any CPU.Build.0 = Release|Any CPU
		{E3673EF8-BE82-484D-B7F9-7002A99DD8F0}.Debug|Any CPU.ActiveCfg = Debug|Any CPU
		{E3673EF8-BE82-484D-B7F9-7002A99DD8F0}.Debug|Any CPU.Build.0 = Debug|Any CPU
		{E3673EF8-BE82-484D-B7F9-7002A99DD8F0}.Release|Any CPU.ActiveCfg = Release|Any CPU
		{E3673EF8-BE82-484D-B7F9-7002A99DD8F0}.Release|Any CPU.Build.0 = Release|Any CPU
		{CEC190BF-66DF-4BF7-8C71-4478B6A12D55}.Debug|Any CPU.ActiveCfg = Debug|Any CPU
		{CEC190BF-66DF-4BF7-8C71-4478B6A12D55}.Debug|Any CPU.Build.0 = Debug|Any CPU
		{CEC190BF-66DF-4BF7-8C71-4478B6A12D55}.Release|Any CPU.ActiveCfg = Release|Any CPU
		{CEC190BF-66DF-4BF7-8C71-4478B6A12D55}.Release|Any CPU.Build.0 = Release|Any CPU
		{971F8ED4-CE2B-48BD-A348-D2438799B7A6}.Debug|Any CPU.ActiveCfg = Debug|Any CPU
		{971F8ED4-CE2B-48BD-A348-D2438799B7A6}.Debug|Any CPU.Build.0 = Debug|Any CPU
		{971F8ED4-CE2B-48BD-A348-D2438799B7A6}.Release|Any CPU.ActiveCfg = Release|Any CPU
		{971F8ED4-CE2B-48BD-A348-D2438799B7A6}.Release|Any CPU.Build.0 = Release|Any CPU
		{226539AC-ACB3-47B6-8509-A3DEA2B4082C}.Debug|Any CPU.ActiveCfg = Debug|Any CPU
		{226539AC-ACB3-47B6-8509-A3DEA2B4082C}.Debug|Any CPU.Build.0 = Debug|Any CPU
		{226539AC-ACB3-47B6-8509-A3DEA2B4082C}.Release|Any CPU.ActiveCfg = Release|Any CPU
		{226539AC-ACB3-47B6-8509-A3DEA2B4082C}.Release|Any CPU.Build.0 = Release|Any CPU
		{FD0E6049-D3B4-4184-97B5-75C98BB32273}.Debug|Any CPU.ActiveCfg = Debug|Any CPU
		{FD0E6049-D3B4-4184-97B5-75C98BB32273}.Debug|Any CPU.Build.0 = Debug|Any CPU
		{FD0E6049-D3B4-4184-97B5-75C98BB32273}.Release|Any CPU.ActiveCfg = Release|Any CPU
		{FD0E6049-D3B4-4184-97B5-75C98BB32273}.Release|Any CPU.Build.0 = Release|Any CPU
		{FE9E1408-EE7D-4DE1-AB42-65A1608F8254}.Debug|Any CPU.ActiveCfg = Debug|Any CPU
		{FE9E1408-EE7D-4DE1-AB42-65A1608F8254}.Debug|Any CPU.Build.0 = Debug|Any CPU
		{FE9E1408-EE7D-4DE1-AB42-65A1608F8254}.Release|Any CPU.ActiveCfg = Release|Any CPU
		{FE9E1408-EE7D-4DE1-AB42-65A1608F8254}.Release|Any CPU.Build.0 = Release|Any CPU
		{4AE1B8B4-29A2-4280-A0DE-72A73A7F85DB}.Debug|Any CPU.ActiveCfg = Debug|Any CPU
		{4AE1B8B4-29A2-4280-A0DE-72A73A7F85DB}.Debug|Any CPU.Build.0 = Debug|Any CPU
		{4AE1B8B4-29A2-4280-A0DE-72A73A7F85DB}.Release|Any CPU.ActiveCfg = Release|Any CPU
		{4AE1B8B4-29A2-4280-A0DE-72A73A7F85DB}.Release|Any CPU.Build.0 = Release|Any CPU
	EndGlobalSection
	GlobalSection(SolutionProperties) = preSolution
		HideSolutionNode = FALSE
	EndGlobalSection
	GlobalSection(ExtensibilityGlobals) = postSolution
		SolutionGuid = {D3037C8F-CEF4-4F5A-B325-870A28862456}
	EndGlobalSection
EndGlobal
