
Microsoft Visual Studio Solution File, Format Version 12.00
# Visual Studio Version 16
VisualStudioVersion = 16.0.31605.320
MinimumVisualStudioVersion = 10.0.40219.1
Project("{9A19103F-16F7-4668-BE54-9A1E7A4F7556}") = "OOPExample", "OOPExample\OOPExample.csproj", "{DB2959B5-8C93-4B1A-8B99-E9FCBDEB25F0}"
EndProject
Project("{9A19103F-16F7-4668-BE54-9A1E7A4F7556}") = "Association Relationship", "Association Relationship\Association Relationship.csproj", "{A980ABA8-897C-422B-98DD-53566D737914}"
EndProject
Project("{9A19103F-16F7-4668-BE54-9A1E7A4F7556}") = "Ass0ciation Relationship 2", "Ass0ciation Relationship 2\Ass0ciation Relationship 2.csproj", "{64A435C5-D9FF-41F6-B11F-5FD4124151F1}"
EndProject
Project("{9A19103F-16F7-4668-BE54-9A1E7A4F7556}") = "Inheritance", "Inheritance\Inheritance.csproj", "{7F998886-7CA4-40F3-B914-4927F52677EF}"
EndProject
Project("{9A19103F-16F7-4668-BE54-9A1E7A4F7556}") = "UpDownCasting", "UpDownCasting\UpDownCasting.csproj", "{BC99937D-F32B-4C34-BE92-C30C7EDD1B94}"
EndProject
Project("{9A19103F-16F7-4668-BE54-9A1E7A4F7556}") = "MethodOverriding", "MethodOverriding\MethodOverriding.csproj", "{F2EFEBCB-7FB9-4ADB-B368-F3E77AC6C3C7}"
EndProject
Project("{9A19103F-16F7-4668-BE54-9A1E7A4F7556}") = "22_CtorBaseSubclass", "22_CtorBaseSubclass\22_CtorBaseSubclass.csproj", "{3EC1ED2D-C743-4483-AB13-A98B69082DF8}"
EndProject
Project("{9A19103F-16F7-4668-BE54-9A1E7A4F7556}") = "23-RunTimePolymorphism", "23-RunTimePolymorphism\23-RunTimePolymorphism.csproj", "{DCD825C9-8C08-435E-93CD-A1C30C7BC0E9}"
EndProject
Project("{9A19103F-16F7-4668-BE54-9A1E7A4F7556}") = "24-Abstract", "24-Abstract\24-Abstract.csproj", "{0A91DE48-22B3-4CF0-81EC-64090A9B34B1}"
EndProject
Project("{9A19103F-16F7-4668-BE54-9A1E7A4F7556}") = "27-Interface", "27-Interface\27-Interface.csproj", "{33D205CD-0581-47AE-8FBD-A545EB36E341}"
EndProject
Project("{9A19103F-16F7-4668-BE54-9A1E7A4F7556}") = "27-Interface-2", "27-Interface-2\27-Interface-2.csproj", "{9636A43B-A85F-4C5F-B2B5-1F14445AEC58}"
EndProject
Project("{9A19103F-16F7-4668-BE54-9A1E7A4F7556}") = "28-MultipleInterface", "28-MultipleInterface\28-MultipleInterface.csproj", "{1E5DFD22-1DAA-4B6A-9A62-8AFCC213B591}"
EndProject
Project("{9A19103F-16F7-4668-BE54-9A1E7A4F7556}") = "29-AbstractVsInterface", "29-AbstractVsInterface\29-AbstractVsInterface.csproj", "{E2A96449-282B-4167-998C-542888C9CA42}"
EndProject
Project("{9A19103F-16F7-4668-BE54-9A1E7A4F7556}") = "30-Explicit-Interface", "30-Explicit-Interface\30-Explicit-Interface.csproj", "{71F6261B-EF95-4189-AC96-4152F607088F}"
EndProject
Project("{FAE04EC0-301F-11D3-BF4B-00C04F79EFBC}") = "31-ObjectInitializer", "31-ObjectInitializer\31-ObjectInitializer.csproj", "{53EDCD9A-5F81-4BE1-AD90-60D8C6BF2E2F}"
EndProject
Global
	GlobalSection(SolutionConfigurationPlatforms) = preSolution
		Debug|Any CPU = Debug|Any CPU
		Release|Any CPU = Release|Any CPU
	EndGlobalSection
	GlobalSection(ProjectConfigurationPlatforms) = postSolution
		{DB2959B5-8C93-4B1A-8B99-E9FCBDEB25F0}.Debug|Any CPU.ActiveCfg = Debug|Any CPU
		{DB2959B5-8C93-4B1A-8B99-E9FCBDEB25F0}.Debug|Any CPU.Build.0 = Debug|Any CPU
		{DB2959B5-8C93-4B1A-8B99-E9FCBDEB25F0}.Release|Any CPU.ActiveCfg = Release|Any CPU
		{DB2959B5-8C93-4B1A-8B99-E9FCBDEB25F0}.Release|Any CPU.Build.0 = Release|Any CPU
		{A980ABA8-897C-422B-98DD-53566D737914}.Debug|Any CPU.ActiveCfg = Debug|Any CPU
		{A980ABA8-897C-422B-98DD-53566D737914}.Debug|Any CPU.Build.0 = Debug|Any CPU
		{A980ABA8-897C-422B-98DD-53566D737914}.Release|Any CPU.ActiveCfg = Release|Any CPU
		{A980ABA8-897C-422B-98DD-53566D737914}.Release|Any CPU.Build.0 = Release|Any CPU
		{64A435C5-D9FF-41F6-B11F-5FD4124151F1}.Debug|Any CPU.ActiveCfg = Debug|Any CPU
		{64A435C5-D9FF-41F6-B11F-5FD4124151F1}.Debug|Any CPU.Build.0 = Debug|Any CPU
		{64A435C5-D9FF-41F6-B11F-5FD4124151F1}.Release|Any CPU.ActiveCfg = Release|Any CPU
		{64A435C5-D9FF-41F6-B11F-5FD4124151F1}.Release|Any CPU.Build.0 = Release|Any CPU
		{7F998886-7CA4-40F3-B914-4927F52677EF}.Debug|Any CPU.ActiveCfg = Debug|Any CPU
		{7F998886-7CA4-40F3-B914-4927F52677EF}.Debug|Any CPU.Build.0 = Debug|Any CPU
		{7F998886-7CA4-40F3-B914-4927F52677EF}.Release|Any CPU.ActiveCfg = Release|Any CPU
		{7F998886-7CA4-40F3-B914-4927F52677EF}.Release|Any CPU.Build.0 = Release|Any CPU
		{BC99937D-F32B-4C34-BE92-C30C7EDD1B94}.Debug|Any CPU.ActiveCfg = Debug|Any CPU
		{BC99937D-F32B-4C34-BE92-C30C7EDD1B94}.Debug|Any CPU.Build.0 = Debug|Any CPU
		{BC99937D-F32B-4C34-BE92-C30C7EDD1B94}.Release|Any CPU.ActiveCfg = Release|Any CPU
		{BC99937D-F32B-4C34-BE92-C30C7EDD1B94}.Release|Any CPU.Build.0 = Release|Any CPU
		{F2EFEBCB-7FB9-4ADB-B368-F3E77AC6C3C7}.Debug|Any CPU.ActiveCfg = Debug|Any CPU
		{F2EFEBCB-7FB9-4ADB-B368-F3E77AC6C3C7}.Debug|Any CPU.Build.0 = Debug|Any CPU
		{F2EFEBCB-7FB9-4ADB-B368-F3E77AC6C3C7}.Release|Any CPU.ActiveCfg = Release|Any CPU
		{F2EFEBCB-7FB9-4ADB-B368-F3E77AC6C3C7}.Release|Any CPU.Build.0 = Release|Any CPU
		{3EC1ED2D-C743-4483-AB13-A98B69082DF8}.Debug|Any CPU.ActiveCfg = Debug|Any CPU
		{3EC1ED2D-C743-4483-AB13-A98B69082DF8}.Debug|Any CPU.Build.0 = Debug|Any CPU
		{3EC1ED2D-C743-4483-AB13-A98B69082DF8}.Release|Any CPU.ActiveCfg = Release|Any CPU
		{3EC1ED2D-C743-4483-AB13-A98B69082DF8}.Release|Any CPU.Build.0 = Release|Any CPU
		{DCD825C9-8C08-435E-93CD-A1C30C7BC0E9}.Debug|Any CPU.ActiveCfg = Debug|Any CPU
		{DCD825C9-8C08-435E-93CD-A1C30C7BC0E9}.Debug|Any CPU.Build.0 = Debug|Any CPU
		{DCD825C9-8C08-435E-93CD-A1C30C7BC0E9}.Release|Any CPU.ActiveCfg = Release|Any CPU
		{DCD825C9-8C08-435E-93CD-A1C30C7BC0E9}.Release|Any CPU.Build.0 = Release|Any CPU
		{0A91DE48-22B3-4CF0-81EC-64090A9B34B1}.Debug|Any CPU.ActiveCfg = Debug|Any CPU
		{0A91DE48-22B3-4CF0-81EC-64090A9B34B1}.Debug|Any CPU.Build.0 = Debug|Any CPU
		{0A91DE48-22B3-4CF0-81EC-64090A9B34B1}.Release|Any CPU.ActiveCfg = Release|Any CPU
		{0A91DE48-22B3-4CF0-81EC-64090A9B34B1}.Release|Any CPU.Build.0 = Release|Any CPU
		{33D205CD-0581-47AE-8FBD-A545EB36E341}.Debug|Any CPU.ActiveCfg = Debug|Any CPU
		{33D205CD-0581-47AE-8FBD-A545EB36E341}.Debug|Any CPU.Build.0 = Debug|Any CPU
		{33D205CD-0581-47AE-8FBD-A545EB36E341}.Release|Any CPU.ActiveCfg = Release|Any CPU
		{33D205CD-0581-47AE-8FBD-A545EB36E341}.Release|Any CPU.Build.0 = Release|Any CPU
		{9636A43B-A85F-4C5F-B2B5-1F14445AEC58}.Debug|Any CPU.ActiveCfg = Debug|Any CPU
		{9636A43B-A85F-4C5F-B2B5-1F14445AEC58}.Debug|Any CPU.Build.0 = Debug|Any CPU
		{9636A43B-A85F-4C5F-B2B5-1F14445AEC58}.Release|Any CPU.ActiveCfg = Release|Any CPU
		{9636A43B-A85F-4C5F-B2B5-1F14445AEC58}.Release|Any CPU.Build.0 = Release|Any CPU
		{1E5DFD22-1DAA-4B6A-9A62-8AFCC213B591}.Debug|Any CPU.ActiveCfg = Debug|Any CPU
		{1E5DFD22-1DAA-4B6A-9A62-8AFCC213B591}.Debug|Any CPU.Build.0 = Debug|Any CPU
		{1E5DFD22-1DAA-4B6A-9A62-8AFCC213B591}.Release|Any CPU.ActiveCfg = Release|Any CPU
		{1E5DFD22-1DAA-4B6A-9A62-8AFCC213B591}.Release|Any CPU.Build.0 = Release|Any CPU
		{E2A96449-282B-4167-998C-542888C9CA42}.Debug|Any CPU.ActiveCfg = Debug|Any CPU
		{E2A96449-282B-4167-998C-542888C9CA42}.Debug|Any CPU.Build.0 = Debug|Any CPU
		{E2A96449-282B-4167-998C-542888C9CA42}.Release|Any CPU.ActiveCfg = Release|Any CPU
		{E2A96449-282B-4167-998C-542888C9CA42}.Release|Any CPU.Build.0 = Release|Any CPU
		{71F6261B-EF95-4189-AC96-4152F607088F}.Debug|Any CPU.ActiveCfg = Debug|Any CPU
		{71F6261B-EF95-4189-AC96-4152F607088F}.Debug|Any CPU.Build.0 = Debug|Any CPU
		{71F6261B-EF95-4189-AC96-4152F607088F}.Release|Any CPU.ActiveCfg = Release|Any CPU
		{71F6261B-EF95-4189-AC96-4152F607088F}.Release|Any CPU.Build.0 = Release|Any CPU
		{53EDCD9A-5F81-4BE1-AD90-60D8C6BF2E2F}.Debug|Any CPU.ActiveCfg = Debug|Any CPU
		{53EDCD9A-5F81-4BE1-AD90-60D8C6BF2E2F}.Debug|Any CPU.Build.0 = Debug|Any CPU
		{53EDCD9A-5F81-4BE1-AD90-60D8C6BF2E2F}.Release|Any CPU.ActiveCfg = Release|Any CPU
		{53EDCD9A-5F81-4BE1-AD90-60D8C6BF2E2F}.Release|Any CPU.Build.0 = Release|Any CPU
	EndGlobalSection
	GlobalSection(SolutionProperties) = preSolution
		HideSolutionNode = FALSE
	EndGlobalSection
	GlobalSection(ExtensibilityGlobals) = postSolution
		SolutionGuid = {0CD0D208-E3D3-4858-A1A5-26A932717141}
	EndGlobalSection
EndGlobal
