
Microsoft Visual Studio Solution File, Format Version 12.00
# Visual Studio Version 16
VisualStudioVersion = 16.0.31605.320
MinimumVisualStudioVersion = 10.0.40219.1
Project("{9A19103F-16F7-4668-BE54-9A1E7A4F7556}") = "OOPExample", "OOPExample\OOPExample.csproj", "{DB2959B5-8C93-4B1A-8B99-E9FCBDEB25F0}"
EndProject
Project("{9A19103F-16F7-4668-BE54-9A1E7A4F7556}") = "16-Association Relationship", "Association Relationship\16-Association Relationship.csproj", "{A980ABA8-897C-422B-98DD-53566D737914}"
EndProject
Project("{9A19103F-16F7-4668-BE54-9A1E7A4F7556}") = "15-Ass0ciation Relationship 2", "Ass0ciation Relationship 2\15-Ass0ciation Relationship 2.csproj", "{64A435C5-D9FF-41F6-B11F-5FD4124151F1}"
EndProject
Project("{9A19103F-16F7-4668-BE54-9A1E7A4F7556}") = "Inheritance", "Inheritance\Inheritance.csproj", "{7F998886-7CA4-40F3-B914-4927F52677EF}"
EndProject
Project("{9A19103F-16F7-4668-BE54-9A1E7A4F7556}") = "UpDownCasting", "UpDownCasting\UpDownCasting.csproj", "{BC99937D-F32B-4C34-BE92-C30C7EDD1B94}"
EndProject
Project("{9A19103F-16F7-4668-BE54-9A1E7A4F7556}") = "MethodOverriding", "MethodOverriding\MethodOverriding.csproj", "{F2EFEBCB-7FB9-4ADB-B368-F3E77AC6C3C7}"
EndProject
Project("{9A19103F-16F7-4668-BE54-9A1E7A4F7556}") = "22_CtorBaseSubclass", "22_CtorBaseSubclass\22_CtorBaseSubclass.csproj", "{3EC1ED2D-C743-4483-AB13-A98B69082DF8}"
EndProject
Project("{9A19103F-16F7-4668-BE54-9A1E7A4F7556}") = "23-RunTimePolymorphism", "23-RunTimePolymorphism\23-RunTimePolymorphism.csproj", "{DCD825C9-8C08-435E-93CD-A1C30C7BC0E9}"
EndProject
Project("{9A19103F-16F7-4668-BE54-9A1E7A4F7556}") = "24-Abstract", "24-Abstract\24-Abstract.csproj", "{0A91DE48-22B3-4CF0-81EC-64090A9B34B1}"
EndProject
Project("{9A19103F-16F7-4668-BE54-9A1E7A4F7556}") = "27-Interface", "27-Interface\27-Interface.csproj", "{33D205CD-0581-47AE-8FBD-A545EB36E341}"
EndProject
Project("{9A19103F-16F7-4668-BE54-9A1E7A4F7556}") = "27-Interface-2", "27-Interface-2\27-Interface-2.csproj", "{9636A43B-A85F-4C5F-B2B5-1F14445AEC58}"
EndProject
Project("{9A19103F-16F7-4668-BE54-9A1E7A4F7556}") = "28-MultipleInterface", "28-MultipleInterface\28-MultipleInterface.csproj", "{1E5DFD22-1DAA-4B6A-9A62-8AFCC213B591}"
EndProject
Project("{9A19103F-16F7-4668-BE54-9A1E7A4F7556}") = "29-AbstractVsInterface", "29-AbstractVsInterface\29-AbstractVsInterface.csproj", "{E2A96449-282B-4167-998C-542888C9CA42}"
EndProject
Project("{9A19103F-16F7-4668-BE54-9A1E7A4F7556}") = "30-Explicit-Interface", "30-Explicit-Interface\30-Explicit-Interface.csproj", "{71F6261B-EF95-4189-AC96-4152F607088F}"
EndProject
Project("{9A19103F-16F7-4668-BE54-9A1E7A4F7556}") = "31-ObjectInitializer", "31-ObjectInitializer\31-ObjectInitializer.csproj", "{53EDCD9A-5F81-4BE1-AD90-60D8C6BF2E2F}"
EndProject
Project("{9A19103F-16F7-4668-BE54-9A1E7A4F7556}") = "32-CollectionInitializer", "32-CollectionInitializer\32-CollectionInitializer.csproj", "{B135E4BA-C630-4385-AD07-E9B9E0101684}"
EndProject
Project("{9A19103F-16F7-4668-BE54-9A1E7A4F7556}") = "46-Generic", "46-Generic\46-Generic.csproj", "{CB30F69F-AD29-4716-B48C-36F623EA37E3}"
EndProject
Project("{9A19103F-16F7-4668-BE54-9A1E7A4F7556}") = "0-ExtraPractise", "0-ExtraPractise\0-ExtraPractise.csproj", "{8E5C8217-C994-4137-9E8A-8A56F36979C8}"
EndProject
Project("{9A19103F-16F7-4668-BE54-9A1E7A4F7556}") = "39-AnonymousType", "39-AnonymousType\39-AnonymousType.csproj", "{64B834F8-AD5A-4197-A93B-622E584E98A3}"
EndProject
Project("{9A19103F-16F7-4668-BE54-9A1E7A4F7556}") = "40-AnonymousCollection", "40-AnonymousCollection\40-AnonymousCollection.csproj", "{1DEEFD39-3D80-425B-934C-6C4E3A1647B5}"
EndProject
Project("{9A19103F-16F7-4668-BE54-9A1E7A4F7556}") = "BITM-11-ArrayListAndArray", "BITM-11-ArrayListAndArray\BITM-11-ArrayListAndArray.csproj", "{4D73D889-744A-4869-8C17-773D2438CDA9}"
EndProject
Project("{9A19103F-16F7-4668-BE54-9A1E7A4F7556}") = "BITM-12-List", "BITM-12-List\BITM-12-List.csproj", "{9D5BC972-6F24-4610-821F-5071FD1E9249}"
EndProject
Project("{9A19103F-16F7-4668-BE54-9A1E7A4F7556}") = "BITM-StackQueue", "BITM-12-StackQueue\BITM-StackQueue.csproj", "{35BED1AA-7D9F-4DEE-B5A4-6DB06718435A}"
EndProject
Project("{9A19103F-16F7-4668-BE54-9A1E7A4F7556}") = "BITM-14-HashTable", "BITM-14-HashTable\BITM-14-HashTable.csproj", "{6EF74F2B-C96B-47D4-ACCB-5E217EB6FCD6}"
EndProject
Project("{9A19103F-16F7-4668-BE54-9A1E7A4F7556}") = "BITM-15-Dictionary", "BITM-15-Dictionary\BITM-15-Dictionary.csproj", "{EAB52410-15DC-4035-B22F-C59AB7BFE6EF}"
EndProject
Project("{9A19103F-16F7-4668-BE54-9A1E7A4F7556}") = "BITM-18-ClassObject", "BITM-18-ClassObject\BITM-18-ClassObject.csproj", "{30013E0F-F6FE-44B9-A07A-12368344C537}"
EndProject
Project("{9A19103F-16F7-4668-BE54-9A1E7A4F7556}") = "BITM-18-ValueRefType", "BITM-18-ValueRefType\BITM-18-ValueRefType.csproj", "{BC68A821-410C-42FB-A5B0-6858CD5A5296}"
EndProject
Project("{9A19103F-16F7-4668-BE54-9A1E7A4F7556}") = "LearningNE-1-IEnumarabe", "LearningNE-1-IEnumarabe\LearningNE-1-IEnumarabe.csproj", "{BBCFD20D-F2E5-4958-8353-327E3E9B6267}"
EndProject
Project("{9A19103F-16F7-4668-BE54-9A1E7A4F7556}") = "47-Generic-2", "47-Generic-2\47-Generic-2.csproj", "{00B71AE0-AE04-4EF9-B470-329D989323A2}"
EndProject
Project("{9A19103F-16F7-4668-BE54-9A1E7A4F7556}") = "CollectionExample", "CollectionExample\CollectionExample.csproj", "{85F7A27A-29E0-479B-8756-C6C883F7B225}"
EndProject
Project("{9A19103F-16F7-4668-BE54-9A1E7A4F7556}") = "CTOR", "CTOR\CTOR.csproj", "{8B2E8AA2-1709-4984-A46D-647F0091D02E}"
EndProject
Project("{9A19103F-16F7-4668-BE54-9A1E7A4F7556}") = "Indexer", "Indexer\Indexer.csproj", "{B9BABDCC-1AA0-4E68-93EC-D16AA8B9CE88}"
EndProject
Project("{9A19103F-16F7-4668-BE54-9A1E7A4F7556}") = "48-DI", "48-DI\48-DI.csproj", "{8A8DBC80-8355-4FD4-9A89-A129EB29B32E}"
EndProject
Project("{9A19103F-16F7-4668-BE54-9A1E7A4F7556}") = "49-DependencyInjection", "49-DependencyInjection\49-DependencyInjection.csproj", "{E99D8B5C-A8F7-4773-88E0-4B4DE03F4F99}"
EndProject
Project("{9A19103F-16F7-4668-BE54-9A1E7A4F7556}") = "Practise-1-Class-Object", "Practise-1-Class-Object\Practise-1-Class-Object.csproj", "{00743DE6-0FDB-4E40-8D32-4AB57C63E118}"
EndProject
Project("{9A19103F-16F7-4668-BE54-9A1E7A4F7556}") = "50-SOLID-1-SRP", "50-SOLID-1-SRP\50-SOLID-1-SRP.csproj", "{705BC65C-A675-4EF6-BDBE-373CC0DEA75C}"
EndProject
Project("{9A19103F-16F7-4668-BE54-9A1E7A4F7556}") = "51-SOLID-2-OCP", "51-SOLID-2-OCP\51-SOLID-2-OCP.csproj", "{06EC1E52-CC97-4060-A481-37E26086DEA6}"
EndProject
Project("{9A19103F-16F7-4668-BE54-9A1E7A4F7556}") = "51-SOLID-3-LSP", "51-SOLID-3-LSP\51-SOLID-3-LSP.csproj", "{D8B265FB-2346-411A-8407-A3EADD60DFC0}"
EndProject
Project("{9A19103F-16F7-4668-BE54-9A1E7A4F7556}") = "53-SOLID-5-DIP", "53-SOLID-5-DIP\53-SOLID-5-DIP.csproj", "{519BABD0-2833-4A8F-A612-83C8EF4CC4C1}"
EndProject
Project("{9A19103F-16F7-4668-BE54-9A1E7A4F7556}") = "54-SOLID-5-DIP-Solution", "54-SOLID-5-DIP-Solution\54-SOLID-5-DIP-Solution.csproj", "{DDA38562-F908-4652-A894-6CB1A8B0F8E4}"
EndProject
Project("{9A19103F-16F7-4668-BE54-9A1E7A4F7556}") = "50-SOLID-1-SRP-2", "50-SOLID-1-SRP-2\50-SOLID-1-SRP-2.csproj", "{3EA44B09-E368-4D63-A704-04C10A08CD71}"
EndProject
Project("{9A19103F-16F7-4668-BE54-9A1E7A4F7556}") = "ShoppingCart", "ShoppingCart\ShoppingCart.csproj", "{17411DE1-60A3-434C-9F7A-DCB4DC9E099D}"
EndProject
Project("{9A19103F-16F7-4668-BE54-9A1E7A4F7556}") = "BITM-19-LamdaExpresion", "BITM-19-LamdaExpresion\BITM-19-LamdaExpresion.csproj", "{7B8CE1E0-64E3-4A04-A65B-0D7EE9912551}"
EndProject
Project("{9A19103F-16F7-4668-BE54-9A1E7A4F7556}") = "DataStructure", "DataStructure\DataStructure.csproj", "{897D3A62-EC07-4B63-AFB3-0E258D604180}"
EndProject
Project("{9A19103F-16F7-4668-BE54-9A1E7A4F7556}") = "Delegates-Single", "Delegates-Single\Delegates-Single.csproj", "{5BB9A1FA-5DDD-42D4-97DD-D857CFE398B9}"
EndProject
Project("{9A19103F-16F7-4668-BE54-9A1E7A4F7556}") = "Delegates-PassMethod", "Delegates-PassMethod\Delegates-PassMethod.csproj", "{0BEEF6E6-4B99-4B4E-8F2A-DFD55F7C0CF9}"
EndProject
Project("{9A19103F-16F7-4668-BE54-9A1E7A4F7556}") = "Delegate-AnonymousMethod", "Delegate-AnonymousMethod\Delegate-AnonymousMethod.csproj", "{9F5EEAA2-88E0-469E-9138-EF82F9F4BC1C}"
EndProject
Project("{9A19103F-16F7-4668-BE54-9A1E7A4F7556}") = "Delegate-MulticastDelegates", "Delegate-MulticastDelegates\Delegate-MulticastDelegates.csproj", "{89EC4054-BB88-4679-9C0D-19E17CF400BF}"
EndProject
Project("{9A19103F-16F7-4668-BE54-9A1E7A4F7556}") = "Delegate-GenericDelegates", "Delegate-GenericDelegates\Delegate-GenericDelegates.csproj", "{ADC90309-7227-4F33-BDE0-EF9A6313AE7B}"
EndProject
Project("{9A19103F-16F7-4668-BE54-9A1E7A4F7556}") = "Delegate-FuncDelegate", "Delegate-FuncDelegate\Delegate-FuncDelegate.csproj", "{6F56D545-5978-45F4-81E3-555F8C1B30AE}"
EndProject
Project("{9A19103F-16F7-4668-BE54-9A1E7A4F7556}") = "Delegate-ActionDelegate", "Delegate-ActionDelegate\Delegate-ActionDelegate.csproj", "{E63BF91D-88E8-4344-9561-E10BC8E50040}"
EndProject
Project("{9A19103F-16F7-4668-BE54-9A1E7A4F7556}") = "Delegate-PredicateDelegate", "Delegate-PredicateDelegate\Delegate-PredicateDelegate.csproj", "{37BA083B-4ABF-42B4-8B4A-790188CDCF7B}"
EndProject
Project("{9A19103F-16F7-4668-BE54-9A1E7A4F7556}") = "File2", "File2\File2.csproj", "{9879E897-EAA5-4814-9476-6439794E1DB2}"
EndProject
Project("{9A19103F-16F7-4668-BE54-9A1E7A4F7556}") = "ExtensionMethod", "ExtensionMethod\ExtensionMethod.csproj", "{B8B837D9-65A8-4434-89E1-20FEA9A3CB8D}"
EndProject
Project("{9A19103F-16F7-4668-BE54-9A1E7A4F7556}") = "Events", "Events\Events.csproj", "{57928F52-F905-4210-B897-89F1EDD097F4}"
EndProject
Project("{FAE04EC0-301F-11D3-BF4B-00C04F79EFBC}") = "Exception-Handling", "Exception-Handling\Exception-Handling.csproj", "{97060079-E172-458E-9EDD-A0B8571C149B}"
EndProject
Project("{FAE04EC0-301F-11D3-BF4B-00C04F79EFBC}") = "Exception-IndexOutOfRange", "Exception-IndexOutOfRange\Exception-IndexOutOfRange.csproj", "{074A9E40-7D04-4FBA-BD9F-D26663F8E0C9}"
EndProject
Project("{FAE04EC0-301F-11D3-BF4B-00C04F79EFBC}") = "Exception-NullReference", "Exception-NullReference\Exception-NullReference.csproj", "{858BE816-B6CA-41BA-93CF-DA40AB206108}"
EndProject
Global
	GlobalSection(SolutionConfigurationPlatforms) = preSolution
		Debug|Any CPU = Debug|Any CPU
		Release|Any CPU = Release|Any CPU
	EndGlobalSection
	GlobalSection(ProjectConfigurationPlatforms) = postSolution
		{DB2959B5-8C93-4B1A-8B99-E9FCBDEB25F0}.Debug|Any CPU.ActiveCfg = Debug|Any CPU
		{DB2959B5-8C93-4B1A-8B99-E9FCBDEB25F0}.Debug|Any CPU.Build.0 = Debug|Any CPU
		{DB2959B5-8C93-4B1A-8B99-E9FCBDEB25F0}.Release|Any CPU.ActiveCfg = Release|Any CPU
		{DB2959B5-8C93-4B1A-8B99-E9FCBDEB25F0}.Release|Any CPU.Build.0 = Release|Any CPU
		{A980ABA8-897C-422B-98DD-53566D737914}.Debug|Any CPU.ActiveCfg = Debug|Any CPU
		{A980ABA8-897C-422B-98DD-53566D737914}.Debug|Any CPU.Build.0 = Debug|Any CPU
		{A980ABA8-897C-422B-98DD-53566D737914}.Release|Any CPU.ActiveCfg = Release|Any CPU
		{A980ABA8-897C-422B-98DD-53566D737914}.Release|Any CPU.Build.0 = Release|Any CPU
		{64A435C5-D9FF-41F6-B11F-5FD4124151F1}.Debug|Any CPU.ActiveCfg = Debug|Any CPU
		{64A435C5-D9FF-41F6-B11F-5FD4124151F1}.Debug|Any CPU.Build.0 = Debug|Any CPU
		{64A435C5-D9FF-41F6-B11F-5FD4124151F1}.Release|Any CPU.ActiveCfg = Release|Any CPU
		{64A435C5-D9FF-41F6-B11F-5FD4124151F1}.Release|Any CPU.Build.0 = Release|Any CPU
		{7F998886-7CA4-40F3-B914-4927F52677EF}.Debug|Any CPU.ActiveCfg = Debug|Any CPU
		{7F998886-7CA4-40F3-B914-4927F52677EF}.Debug|Any CPU.Build.0 = Debug|Any CPU
		{7F998886-7CA4-40F3-B914-4927F52677EF}.Release|Any CPU.ActiveCfg = Release|Any CPU
		{7F998886-7CA4-40F3-B914-4927F52677EF}.Release|Any CPU.Build.0 = Release|Any CPU
		{BC99937D-F32B-4C34-BE92-C30C7EDD1B94}.Debug|Any CPU.ActiveCfg = Debug|Any CPU
		{BC99937D-F32B-4C34-BE92-C30C7EDD1B94}.Debug|Any CPU.Build.0 = Debug|Any CPU
		{BC99937D-F32B-4C34-BE92-C30C7EDD1B94}.Release|Any CPU.ActiveCfg = Release|Any CPU
		{BC99937D-F32B-4C34-BE92-C30C7EDD1B94}.Release|Any CPU.Build.0 = Release|Any CPU
		{F2EFEBCB-7FB9-4ADB-B368-F3E77AC6C3C7}.Debug|Any CPU.ActiveCfg = Debug|Any CPU
		{F2EFEBCB-7FB9-4ADB-B368-F3E77AC6C3C7}.Debug|Any CPU.Build.0 = Debug|Any CPU
		{F2EFEBCB-7FB9-4ADB-B368-F3E77AC6C3C7}.Release|Any CPU.ActiveCfg = Release|Any CPU
		{F2EFEBCB-7FB9-4ADB-B368-F3E77AC6C3C7}.Release|Any CPU.Build.0 = Release|Any CPU
		{3EC1ED2D-C743-4483-AB13-A98B69082DF8}.Debug|Any CPU.ActiveCfg = Debug|Any CPU
		{3EC1ED2D-C743-4483-AB13-A98B69082DF8}.Debug|Any CPU.Build.0 = Debug|Any CPU
		{3EC1ED2D-C743-4483-AB13-A98B69082DF8}.Release|Any CPU.ActiveCfg = Release|Any CPU
		{3EC1ED2D-C743-4483-AB13-A98B69082DF8}.Release|Any CPU.Build.0 = Release|Any CPU
		{DCD825C9-8C08-435E-93CD-A1C30C7BC0E9}.Debug|Any CPU.ActiveCfg = Debug|Any CPU
		{DCD825C9-8C08-435E-93CD-A1C30C7BC0E9}.Debug|Any CPU.Build.0 = Debug|Any CPU
		{DCD825C9-8C08-435E-93CD-A1C30C7BC0E9}.Release|Any CPU.ActiveCfg = Release|Any CPU
		{DCD825C9-8C08-435E-93CD-A1C30C7BC0E9}.Release|Any CPU.Build.0 = Release|Any CPU
		{0A91DE48-22B3-4CF0-81EC-64090A9B34B1}.Debug|Any CPU.ActiveCfg = Debug|Any CPU
		{0A91DE48-22B3-4CF0-81EC-64090A9B34B1}.Debug|Any CPU.Build.0 = Debug|Any CPU
		{0A91DE48-22B3-4CF0-81EC-64090A9B34B1}.Release|Any CPU.ActiveCfg = Release|Any CPU
		{0A91DE48-22B3-4CF0-81EC-64090A9B34B1}.Release|Any CPU.Build.0 = Release|Any CPU
		{33D205CD-0581-47AE-8FBD-A545EB36E341}.Debug|Any CPU.ActiveCfg = Debug|Any CPU
		{33D205CD-0581-47AE-8FBD-A545EB36E341}.Debug|Any CPU.Build.0 = Debug|Any CPU
		{33D205CD-0581-47AE-8FBD-A545EB36E341}.Release|Any CPU.ActiveCfg = Release|Any CPU
		{33D205CD-0581-47AE-8FBD-A545EB36E341}.Release|Any CPU.Build.0 = Release|Any CPU
		{9636A43B-A85F-4C5F-B2B5-1F14445AEC58}.Debug|Any CPU.ActiveCfg = Debug|Any CPU
		{9636A43B-A85F-4C5F-B2B5-1F14445AEC58}.Debug|Any CPU.Build.0 = Debug|Any CPU
		{9636A43B-A85F-4C5F-B2B5-1F14445AEC58}.Release|Any CPU.ActiveCfg = Release|Any CPU
		{9636A43B-A85F-4C5F-B2B5-1F14445AEC58}.Release|Any CPU.Build.0 = Release|Any CPU
		{1E5DFD22-1DAA-4B6A-9A62-8AFCC213B591}.Debug|Any CPU.ActiveCfg = Debug|Any CPU
		{1E5DFD22-1DAA-4B6A-9A62-8AFCC213B591}.Debug|Any CPU.Build.0 = Debug|Any CPU
		{1E5DFD22-1DAA-4B6A-9A62-8AFCC213B591}.Release|Any CPU.ActiveCfg = Release|Any CPU
		{1E5DFD22-1DAA-4B6A-9A62-8AFCC213B591}.Release|Any CPU.Build.0 = Release|Any CPU
		{E2A96449-282B-4167-998C-542888C9CA42}.Debug|Any CPU.ActiveCfg = Debug|Any CPU
		{E2A96449-282B-4167-998C-542888C9CA42}.Debug|Any CPU.Build.0 = Debug|Any CPU
		{E2A96449-282B-4167-998C-542888C9CA42}.Release|Any CPU.ActiveCfg = Release|Any CPU
		{E2A96449-282B-4167-998C-542888C9CA42}.Release|Any CPU.Build.0 = Release|Any CPU
		{71F6261B-EF95-4189-AC96-4152F607088F}.Debug|Any CPU.ActiveCfg = Debug|Any CPU
		{71F6261B-EF95-4189-AC96-4152F607088F}.Debug|Any CPU.Build.0 = Debug|Any CPU
		{71F6261B-EF95-4189-AC96-4152F607088F}.Release|Any CPU.ActiveCfg = Release|Any CPU
		{71F6261B-EF95-4189-AC96-4152F607088F}.Release|Any CPU.Build.0 = Release|Any CPU
		{53EDCD9A-5F81-4BE1-AD90-60D8C6BF2E2F}.Debug|Any CPU.ActiveCfg = Debug|Any CPU
		{53EDCD9A-5F81-4BE1-AD90-60D8C6BF2E2F}.Debug|Any CPU.Build.0 = Debug|Any CPU
		{53EDCD9A-5F81-4BE1-AD90-60D8C6BF2E2F}.Release|Any CPU.ActiveCfg = Release|Any CPU
		{53EDCD9A-5F81-4BE1-AD90-60D8C6BF2E2F}.Release|Any CPU.Build.0 = Release|Any CPU
		{B135E4BA-C630-4385-AD07-E9B9E0101684}.Debug|Any CPU.ActiveCfg = Debug|Any CPU
		{B135E4BA-C630-4385-AD07-E9B9E0101684}.Debug|Any CPU.Build.0 = Debug|Any CPU
		{B135E4BA-C630-4385-AD07-E9B9E0101684}.Release|Any CPU.ActiveCfg = Release|Any CPU
		{B135E4BA-C630-4385-AD07-E9B9E0101684}.Release|Any CPU.Build.0 = Release|Any CPU
		{CB30F69F-AD29-4716-B48C-36F623EA37E3}.Debug|Any CPU.ActiveCfg = Debug|Any CPU
		{CB30F69F-AD29-4716-B48C-36F623EA37E3}.Debug|Any CPU.Build.0 = Debug|Any CPU
		{CB30F69F-AD29-4716-B48C-36F623EA37E3}.Release|Any CPU.ActiveCfg = Release|Any CPU
		{CB30F69F-AD29-4716-B48C-36F623EA37E3}.Release|Any CPU.Build.0 = Release|Any CPU
		{8E5C8217-C994-4137-9E8A-8A56F36979C8}.Debug|Any CPU.ActiveCfg = Debug|Any CPU
		{8E5C8217-C994-4137-9E8A-8A56F36979C8}.Debug|Any CPU.Build.0 = Debug|Any CPU
		{8E5C8217-C994-4137-9E8A-8A56F36979C8}.Release|Any CPU.ActiveCfg = Release|Any CPU
		{8E5C8217-C994-4137-9E8A-8A56F36979C8}.Release|Any CPU.Build.0 = Release|Any CPU
		{64B834F8-AD5A-4197-A93B-622E584E98A3}.Debug|Any CPU.ActiveCfg = Debug|Any CPU
		{64B834F8-AD5A-4197-A93B-622E584E98A3}.Debug|Any CPU.Build.0 = Debug|Any CPU
		{64B834F8-AD5A-4197-A93B-622E584E98A3}.Release|Any CPU.ActiveCfg = Release|Any CPU
		{64B834F8-AD5A-4197-A93B-622E584E98A3}.Release|Any CPU.Build.0 = Release|Any CPU
		{1DEEFD39-3D80-425B-934C-6C4E3A1647B5}.Debug|Any CPU.ActiveCfg = Debug|Any CPU
		{1DEEFD39-3D80-425B-934C-6C4E3A1647B5}.Debug|Any CPU.Build.0 = Debug|Any CPU
		{1DEEFD39-3D80-425B-934C-6C4E3A1647B5}.Release|Any CPU.ActiveCfg = Release|Any CPU
		{1DEEFD39-3D80-425B-934C-6C4E3A1647B5}.Release|Any CPU.Build.0 = Release|Any CPU
		{4D73D889-744A-4869-8C17-773D2438CDA9}.Debug|Any CPU.ActiveCfg = Debug|Any CPU
		{4D73D889-744A-4869-8C17-773D2438CDA9}.Debug|Any CPU.Build.0 = Debug|Any CPU
		{4D73D889-744A-4869-8C17-773D2438CDA9}.Release|Any CPU.ActiveCfg = Release|Any CPU
		{4D73D889-744A-4869-8C17-773D2438CDA9}.Release|Any CPU.Build.0 = Release|Any CPU
		{9D5BC972-6F24-4610-821F-5071FD1E9249}.Debug|Any CPU.ActiveCfg = Debug|Any CPU
		{9D5BC972-6F24-4610-821F-5071FD1E9249}.Debug|Any CPU.Build.0 = Debug|Any CPU
		{9D5BC972-6F24-4610-821F-5071FD1E9249}.Release|Any CPU.ActiveCfg = Release|Any CPU
		{9D5BC972-6F24-4610-821F-5071FD1E9249}.Release|Any CPU.Build.0 = Release|Any CPU
		{35BED1AA-7D9F-4DEE-B5A4-6DB06718435A}.Debug|Any CPU.ActiveCfg = Debug|Any CPU
		{35BED1AA-7D9F-4DEE-B5A4-6DB06718435A}.Debug|Any CPU.Build.0 = Debug|Any CPU
		{35BED1AA-7D9F-4DEE-B5A4-6DB06718435A}.Release|Any CPU.ActiveCfg = Release|Any CPU
		{35BED1AA-7D9F-4DEE-B5A4-6DB06718435A}.Release|Any CPU.Build.0 = Release|Any CPU
		{6EF74F2B-C96B-47D4-ACCB-5E217EB6FCD6}.Debug|Any CPU.ActiveCfg = Debug|Any CPU
		{6EF74F2B-C96B-47D4-ACCB-5E217EB6FCD6}.Debug|Any CPU.Build.0 = Debug|Any CPU
		{6EF74F2B-C96B-47D4-ACCB-5E217EB6FCD6}.Release|Any CPU.ActiveCfg = Release|Any CPU
		{6EF74F2B-C96B-47D4-ACCB-5E217EB6FCD6}.Release|Any CPU.Build.0 = Release|Any CPU
		{EAB52410-15DC-4035-B22F-C59AB7BFE6EF}.Debug|Any CPU.ActiveCfg = Debug|Any CPU
		{EAB52410-15DC-4035-B22F-C59AB7BFE6EF}.Debug|Any CPU.Build.0 = Debug|Any CPU
		{EAB52410-15DC-4035-B22F-C59AB7BFE6EF}.Release|Any CPU.ActiveCfg = Release|Any CPU
		{EAB52410-15DC-4035-B22F-C59AB7BFE6EF}.Release|Any CPU.Build.0 = Release|Any CPU
		{30013E0F-F6FE-44B9-A07A-12368344C537}.Debug|Any CPU.ActiveCfg = Debug|Any CPU
		{30013E0F-F6FE-44B9-A07A-12368344C537}.Debug|Any CPU.Build.0 = Debug|Any CPU
		{30013E0F-F6FE-44B9-A07A-12368344C537}.Release|Any CPU.ActiveCfg = Release|Any CPU
		{30013E0F-F6FE-44B9-A07A-12368344C537}.Release|Any CPU.Build.0 = Release|Any CPU
		{BC68A821-410C-42FB-A5B0-6858CD5A5296}.Debug|Any CPU.ActiveCfg = Debug|Any CPU
		{BC68A821-410C-42FB-A5B0-6858CD5A5296}.Debug|Any CPU.Build.0 = Debug|Any CPU
		{BC68A821-410C-42FB-A5B0-6858CD5A5296}.Release|Any CPU.ActiveCfg = Release|Any CPU
		{BC68A821-410C-42FB-A5B0-6858CD5A5296}.Release|Any CPU.Build.0 = Release|Any CPU
		{BBCFD20D-F2E5-4958-8353-327E3E9B6267}.Debug|Any CPU.ActiveCfg = Debug|Any CPU
		{BBCFD20D-F2E5-4958-8353-327E3E9B6267}.Debug|Any CPU.Build.0 = Debug|Any CPU
		{BBCFD20D-F2E5-4958-8353-327E3E9B6267}.Release|Any CPU.ActiveCfg = Release|Any CPU
		{BBCFD20D-F2E5-4958-8353-327E3E9B6267}.Release|Any CPU.Build.0 = Release|Any CPU
		{00B71AE0-AE04-4EF9-B470-329D989323A2}.Debug|Any CPU.ActiveCfg = Debug|Any CPU
		{00B71AE0-AE04-4EF9-B470-329D989323A2}.Debug|Any CPU.Build.0 = Debug|Any CPU
		{00B71AE0-AE04-4EF9-B470-329D989323A2}.Release|Any CPU.ActiveCfg = Release|Any CPU
		{00B71AE0-AE04-4EF9-B470-329D989323A2}.Release|Any CPU.Build.0 = Release|Any CPU
		{85F7A27A-29E0-479B-8756-C6C883F7B225}.Debug|Any CPU.ActiveCfg = Debug|Any CPU
		{85F7A27A-29E0-479B-8756-C6C883F7B225}.Debug|Any CPU.Build.0 = Debug|Any CPU
		{85F7A27A-29E0-479B-8756-C6C883F7B225}.Release|Any CPU.ActiveCfg = Release|Any CPU
		{85F7A27A-29E0-479B-8756-C6C883F7B225}.Release|Any CPU.Build.0 = Release|Any CPU
		{8B2E8AA2-1709-4984-A46D-647F0091D02E}.Debug|Any CPU.ActiveCfg = Debug|Any CPU
		{8B2E8AA2-1709-4984-A46D-647F0091D02E}.Debug|Any CPU.Build.0 = Debug|Any CPU
		{8B2E8AA2-1709-4984-A46D-647F0091D02E}.Release|Any CPU.ActiveCfg = Release|Any CPU
		{8B2E8AA2-1709-4984-A46D-647F0091D02E}.Release|Any CPU.Build.0 = Release|Any CPU
		{B9BABDCC-1AA0-4E68-93EC-D16AA8B9CE88}.Debug|Any CPU.ActiveCfg = Debug|Any CPU
		{B9BABDCC-1AA0-4E68-93EC-D16AA8B9CE88}.Debug|Any CPU.Build.0 = Debug|Any CPU
		{B9BABDCC-1AA0-4E68-93EC-D16AA8B9CE88}.Release|Any CPU.ActiveCfg = Release|Any CPU
		{B9BABDCC-1AA0-4E68-93EC-D16AA8B9CE88}.Release|Any CPU.Build.0 = Release|Any CPU
		{8A8DBC80-8355-4FD4-9A89-A129EB29B32E}.Debug|Any CPU.ActiveCfg = Debug|Any CPU
		{8A8DBC80-8355-4FD4-9A89-A129EB29B32E}.Debug|Any CPU.Build.0 = Debug|Any CPU
		{8A8DBC80-8355-4FD4-9A89-A129EB29B32E}.Release|Any CPU.ActiveCfg = Release|Any CPU
		{8A8DBC80-8355-4FD4-9A89-A129EB29B32E}.Release|Any CPU.Build.0 = Release|Any CPU
		{E99D8B5C-A8F7-4773-88E0-4B4DE03F4F99}.Debug|Any CPU.ActiveCfg = Debug|Any CPU
		{E99D8B5C-A8F7-4773-88E0-4B4DE03F4F99}.Debug|Any CPU.Build.0 = Debug|Any CPU
		{E99D8B5C-A8F7-4773-88E0-4B4DE03F4F99}.Release|Any CPU.ActiveCfg = Release|Any CPU
		{E99D8B5C-A8F7-4773-88E0-4B4DE03F4F99}.Release|Any CPU.Build.0 = Release|Any CPU
		{00743DE6-0FDB-4E40-8D32-4AB57C63E118}.Debug|Any CPU.ActiveCfg = Debug|Any CPU
		{00743DE6-0FDB-4E40-8D32-4AB57C63E118}.Debug|Any CPU.Build.0 = Debug|Any CPU
		{00743DE6-0FDB-4E40-8D32-4AB57C63E118}.Release|Any CPU.ActiveCfg = Release|Any CPU
		{00743DE6-0FDB-4E40-8D32-4AB57C63E118}.Release|Any CPU.Build.0 = Release|Any CPU
		{705BC65C-A675-4EF6-BDBE-373CC0DEA75C}.Debug|Any CPU.ActiveCfg = Debug|Any CPU
		{705BC65C-A675-4EF6-BDBE-373CC0DEA75C}.Debug|Any CPU.Build.0 = Debug|Any CPU
		{705BC65C-A675-4EF6-BDBE-373CC0DEA75C}.Release|Any CPU.ActiveCfg = Release|Any CPU
		{705BC65C-A675-4EF6-BDBE-373CC0DEA75C}.Release|Any CPU.Build.0 = Release|Any CPU
		{06EC1E52-CC97-4060-A481-37E26086DEA6}.Debug|Any CPU.ActiveCfg = Debug|Any CPU
		{06EC1E52-CC97-4060-A481-37E26086DEA6}.Debug|Any CPU.Build.0 = Debug|Any CPU
		{06EC1E52-CC97-4060-A481-37E26086DEA6}.Release|Any CPU.ActiveCfg = Release|Any CPU
		{06EC1E52-CC97-4060-A481-37E26086DEA6}.Release|Any CPU.Build.0 = Release|Any CPU
		{D8B265FB-2346-411A-8407-A3EADD60DFC0}.Debug|Any CPU.ActiveCfg = Debug|Any CPU
		{D8B265FB-2346-411A-8407-A3EADD60DFC0}.Debug|Any CPU.Build.0 = Debug|Any CPU
		{D8B265FB-2346-411A-8407-A3EADD60DFC0}.Release|Any CPU.ActiveCfg = Release|Any CPU
		{D8B265FB-2346-411A-8407-A3EADD60DFC0}.Release|Any CPU.Build.0 = Release|Any CPU
		{519BABD0-2833-4A8F-A612-83C8EF4CC4C1}.Debug|Any CPU.ActiveCfg = Debug|Any CPU
		{519BABD0-2833-4A8F-A612-83C8EF4CC4C1}.Debug|Any CPU.Build.0 = Debug|Any CPU
		{519BABD0-2833-4A8F-A612-83C8EF4CC4C1}.Release|Any CPU.ActiveCfg = Release|Any CPU
		{519BABD0-2833-4A8F-A612-83C8EF4CC4C1}.Release|Any CPU.Build.0 = Release|Any CPU
		{DDA38562-F908-4652-A894-6CB1A8B0F8E4}.Debug|Any CPU.ActiveCfg = Debug|Any CPU
		{DDA38562-F908-4652-A894-6CB1A8B0F8E4}.Debug|Any CPU.Build.0 = Debug|Any CPU
		{DDA38562-F908-4652-A894-6CB1A8B0F8E4}.Release|Any CPU.ActiveCfg = Release|Any CPU
		{DDA38562-F908-4652-A894-6CB1A8B0F8E4}.Release|Any CPU.Build.0 = Release|Any CPU
		{3EA44B09-E368-4D63-A704-04C10A08CD71}.Debug|Any CPU.ActiveCfg = Debug|Any CPU
		{3EA44B09-E368-4D63-A704-04C10A08CD71}.Debug|Any CPU.Build.0 = Debug|Any CPU
		{3EA44B09-E368-4D63-A704-04C10A08CD71}.Release|Any CPU.ActiveCfg = Release|Any CPU
		{3EA44B09-E368-4D63-A704-04C10A08CD71}.Release|Any CPU.Build.0 = Release|Any CPU
		{17411DE1-60A3-434C-9F7A-DCB4DC9E099D}.Debug|Any CPU.ActiveCfg = Debug|Any CPU
		{17411DE1-60A3-434C-9F7A-DCB4DC9E099D}.Debug|Any CPU.Build.0 = Debug|Any CPU
		{17411DE1-60A3-434C-9F7A-DCB4DC9E099D}.Release|Any CPU.ActiveCfg = Release|Any CPU
		{17411DE1-60A3-434C-9F7A-DCB4DC9E099D}.Release|Any CPU.Build.0 = Release|Any CPU
		{7B8CE1E0-64E3-4A04-A65B-0D7EE9912551}.Debug|Any CPU.ActiveCfg = Debug|Any CPU
		{7B8CE1E0-64E3-4A04-A65B-0D7EE9912551}.Debug|Any CPU.Build.0 = Debug|Any CPU
		{7B8CE1E0-64E3-4A04-A65B-0D7EE9912551}.Release|Any CPU.ActiveCfg = Release|Any CPU
		{7B8CE1E0-64E3-4A04-A65B-0D7EE9912551}.Release|Any CPU.Build.0 = Release|Any CPU
		{897D3A62-EC07-4B63-AFB3-0E258D604180}.Debug|Any CPU.ActiveCfg = Debug|Any CPU
		{897D3A62-EC07-4B63-AFB3-0E258D604180}.Debug|Any CPU.Build.0 = Debug|Any CPU
		{897D3A62-EC07-4B63-AFB3-0E258D604180}.Release|Any CPU.ActiveCfg = Release|Any CPU
		{897D3A62-EC07-4B63-AFB3-0E258D604180}.Release|Any CPU.Build.0 = Release|Any CPU
		{5BB9A1FA-5DDD-42D4-97DD-D857CFE398B9}.Debug|Any CPU.ActiveCfg = Debug|Any CPU
		{5BB9A1FA-5DDD-42D4-97DD-D857CFE398B9}.Debug|Any CPU.Build.0 = Debug|Any CPU
		{5BB9A1FA-5DDD-42D4-97DD-D857CFE398B9}.Release|Any CPU.ActiveCfg = Release|Any CPU
		{5BB9A1FA-5DDD-42D4-97DD-D857CFE398B9}.Release|Any CPU.Build.0 = Release|Any CPU
		{0BEEF6E6-4B99-4B4E-8F2A-DFD55F7C0CF9}.Debug|Any CPU.ActiveCfg = Debug|Any CPU
		{0BEEF6E6-4B99-4B4E-8F2A-DFD55F7C0CF9}.Debug|Any CPU.Build.0 = Debug|Any CPU
		{0BEEF6E6-4B99-4B4E-8F2A-DFD55F7C0CF9}.Release|Any CPU.ActiveCfg = Release|Any CPU
		{0BEEF6E6-4B99-4B4E-8F2A-DFD55F7C0CF9}.Release|Any CPU.Build.0 = Release|Any CPU
		{9F5EEAA2-88E0-469E-9138-EF82F9F4BC1C}.Debug|Any CPU.ActiveCfg = Debug|Any CPU
		{9F5EEAA2-88E0-469E-9138-EF82F9F4BC1C}.Debug|Any CPU.Build.0 = Debug|Any CPU
		{9F5EEAA2-88E0-469E-9138-EF82F9F4BC1C}.Release|Any CPU.ActiveCfg = Release|Any CPU
		{9F5EEAA2-88E0-469E-9138-EF82F9F4BC1C}.Release|Any CPU.Build.0 = Release|Any CPU
		{89EC4054-BB88-4679-9C0D-19E17CF400BF}.Debug|Any CPU.ActiveCfg = Debug|Any CPU
		{89EC4054-BB88-4679-9C0D-19E17CF400BF}.Debug|Any CPU.Build.0 = Debug|Any CPU
		{89EC4054-BB88-4679-9C0D-19E17CF400BF}.Release|Any CPU.ActiveCfg = Release|Any CPU
		{89EC4054-BB88-4679-9C0D-19E17CF400BF}.Release|Any CPU.Build.0 = Release|Any CPU
		{ADC90309-7227-4F33-BDE0-EF9A6313AE7B}.Debug|Any CPU.ActiveCfg = Debug|Any CPU
		{ADC90309-7227-4F33-BDE0-EF9A6313AE7B}.Debug|Any CPU.Build.0 = Debug|Any CPU
		{ADC90309-7227-4F33-BDE0-EF9A6313AE7B}.Release|Any CPU.ActiveCfg = Release|Any CPU
		{ADC90309-7227-4F33-BDE0-EF9A6313AE7B}.Release|Any CPU.Build.0 = Release|Any CPU
		{6F56D545-5978-45F4-81E3-555F8C1B30AE}.Debug|Any CPU.ActiveCfg = Debug|Any CPU
		{6F56D545-5978-45F4-81E3-555F8C1B30AE}.Debug|Any CPU.Build.0 = Debug|Any CPU
		{6F56D545-5978-45F4-81E3-555F8C1B30AE}.Release|Any CPU.ActiveCfg = Release|Any CPU
		{6F56D545-5978-45F4-81E3-555F8C1B30AE}.Release|Any CPU.Build.0 = Release|Any CPU
		{E63BF91D-88E8-4344-9561-E10BC8E50040}.Debug|Any CPU.ActiveCfg = Debug|Any CPU
		{E63BF91D-88E8-4344-9561-E10BC8E50040}.Debug|Any CPU.Build.0 = Debug|Any CPU
		{E63BF91D-88E8-4344-9561-E10BC8E50040}.Release|Any CPU.ActiveCfg = Release|Any CPU
		{E63BF91D-88E8-4344-9561-E10BC8E50040}.Release|Any CPU.Build.0 = Release|Any CPU
		{37BA083B-4ABF-42B4-8B4A-790188CDCF7B}.Debug|Any CPU.ActiveCfg = Debug|Any CPU
		{37BA083B-4ABF-42B4-8B4A-790188CDCF7B}.Debug|Any CPU.Build.0 = Debug|Any CPU
		{37BA083B-4ABF-42B4-8B4A-790188CDCF7B}.Release|Any CPU.ActiveCfg = Release|Any CPU
		{37BA083B-4ABF-42B4-8B4A-790188CDCF7B}.Release|Any CPU.Build.0 = Release|Any CPU
		{9879E897-EAA5-4814-9476-6439794E1DB2}.Debug|Any CPU.ActiveCfg = Debug|Any CPU
		{9879E897-EAA5-4814-9476-6439794E1DB2}.Debug|Any CPU.Build.0 = Debug|Any CPU
		{9879E897-EAA5-4814-9476-6439794E1DB2}.Release|Any CPU.ActiveCfg = Release|Any CPU
		{9879E897-EAA5-4814-9476-6439794E1DB2}.Release|Any CPU.Build.0 = Release|Any CPU
		{B8B837D9-65A8-4434-89E1-20FEA9A3CB8D}.Debug|Any CPU.ActiveCfg = Debug|Any CPU
		{B8B837D9-65A8-4434-89E1-20FEA9A3CB8D}.Debug|Any CPU.Build.0 = Debug|Any CPU
		{B8B837D9-65A8-4434-89E1-20FEA9A3CB8D}.Release|Any CPU.ActiveCfg = Release|Any CPU
		{B8B837D9-65A8-4434-89E1-20FEA9A3CB8D}.Release|Any CPU.Build.0 = Release|Any CPU
		{57928F52-F905-4210-B897-89F1EDD097F4}.Debug|Any CPU.ActiveCfg = Debug|Any CPU
		{57928F52-F905-4210-B897-89F1EDD097F4}.Debug|Any CPU.Build.0 = Debug|Any CPU
		{57928F52-F905-4210-B897-89F1EDD097F4}.Release|Any CPU.ActiveCfg = Release|Any CPU
		{57928F52-F905-4210-B897-89F1EDD097F4}.Release|Any CPU.Build.0 = Release|Any CPU
		{97060079-E172-458E-9EDD-A0B8571C149B}.Debug|Any CPU.ActiveCfg = Debug|Any CPU
		{97060079-E172-458E-9EDD-A0B8571C149B}.Debug|Any CPU.Build.0 = Debug|Any CPU
		{97060079-E172-458E-9EDD-A0B8571C149B}.Release|Any CPU.ActiveCfg = Release|Any CPU
		{97060079-E172-458E-9EDD-A0B8571C149B}.Release|Any CPU.Build.0 = Release|Any CPU
		{074A9E40-7D04-4FBA-BD9F-D26663F8E0C9}.Debug|Any CPU.ActiveCfg = Debug|Any CPU
		{074A9E40-7D04-4FBA-BD9F-D26663F8E0C9}.Debug|Any CPU.Build.0 = Debug|Any CPU
		{074A9E40-7D04-4FBA-BD9F-D26663F8E0C9}.Release|Any CPU.ActiveCfg = Release|Any CPU
		{074A9E40-7D04-4FBA-BD9F-D26663F8E0C9}.Release|Any CPU.Build.0 = Release|Any CPU
		{858BE816-B6CA-41BA-93CF-DA40AB206108}.Debug|Any CPU.ActiveCfg = Debug|Any CPU
		{858BE816-B6CA-41BA-93CF-DA40AB206108}.Debug|Any CPU.Build.0 = Debug|Any CPU
		{858BE816-B6CA-41BA-93CF-DA40AB206108}.Release|Any CPU.ActiveCfg = Release|Any CPU
		{858BE816-B6CA-41BA-93CF-DA40AB206108}.Release|Any CPU.Build.0 = Release|Any CPU
	EndGlobalSection
	GlobalSection(SolutionProperties) = preSolution
		HideSolutionNode = FALSE
	EndGlobalSection
	GlobalSection(ExtensibilityGlobals) = postSolution
		SolutionGuid = {0CD0D208-E3D3-4858-A1A5-26A932717141}
	EndGlobalSection
EndGlobal
